
Microsoft Visual Studio Solution File, Format Version 12.00
Project("{FAE04EC0-301F-11D3-BF4B-00C04F79EFBC}") = "Xin.Core", "Xin.Core\Xin.Core.csproj", "{87E23655-AECE-42B4-A2D6-6BBE7030D9FD}"
EndProject
Project("{FAE04EC0-301F-11D3-BF4B-00C04F79EFBC}") = "Xin.Json", "Xin.Json\Xin.Json.csproj", "{F46726FC-86C7-4023-BDE7-3310348EC79B}"
EndProject
Project("{FAE04EC0-301F-11D3-BF4B-00C04F79EFBC}") = "Xin.AspNetCore", "Xin.AspNetCore\Xin.AspNetCore.csproj", "{93878A9D-0830-4A85-85DC-F6DB54929D12}"
EndProject
Project("{2150E333-8FDC-42A3-9474-1A3956D46DE8}") = "Tests", "Tests", "{EAAC5933-6A73-49EE-8656-881C0A76CC40}"
EndProject
Project("{FAE04EC0-301F-11D3-BF4B-00C04F79EFBC}") = "Test.Web", "Test.Web\Test.Web.csproj", "{6F6D282B-22DB-4800-91F8-D435E4235385}"
EndProject
Global
	GlobalSection(SolutionConfigurationPlatforms) = preSolution
		Debug|Any CPU = Debug|Any CPU
		Release|Any CPU = Release|Any CPU
	EndGlobalSection
	GlobalSection(ProjectConfigurationPlatforms) = postSolution
		{87E23655-AECE-42B4-A2D6-6BBE7030D9FD}.Debug|Any CPU.ActiveCfg = Debug|Any CPU
		{87E23655-AECE-42B4-A2D6-6BBE7030D9FD}.Debug|Any CPU.Build.0 = Debug|Any CPU
		{87E23655-AECE-42B4-A2D6-6BBE7030D9FD}.Release|Any CPU.ActiveCfg = Release|Any CPU
		{87E23655-AECE-42B4-A2D6-6BBE7030D9FD}.Release|Any CPU.Build.0 = Release|Any CPU
		{F46726FC-86C7-4023-BDE7-3310348EC79B}.Debug|Any CPU.ActiveCfg = Debug|Any CPU
		{F46726FC-86C7-4023-BDE7-3310348EC79B}.Debug|Any CPU.Build.0 = Debug|Any CPU
		{F46726FC-86C7-4023-BDE7-3310348EC79B}.Release|Any CPU.ActiveCfg = Release|Any CPU
		{F46726FC-86C7-4023-BDE7-3310348EC79B}.Release|Any CPU.Build.0 = Release|Any CPU
		{93878A9D-0830-4A85-85DC-F6DB54929D12}.Debug|Any CPU.ActiveCfg = Debug|Any CPU
		{93878A9D-0830-4A85-85DC-F6DB54929D12}.Debug|Any CPU.Build.0 = Debug|Any CPU
		{93878A9D-0830-4A85-85DC-F6DB54929D12}.Release|Any CPU.ActiveCfg = Release|Any CPU
		{93878A9D-0830-4A85-85DC-F6DB54929D12}.Release|Any CPU.Build.0 = Release|Any CPU
		{6F6D282B-22DB-4800-91F8-D435E4235385}.Debug|Any CPU.ActiveCfg = Debug|Any CPU
		{6F6D282B-22DB-4800-91F8-D435E4235385}.Debug|Any CPU.Build.0 = Debug|Any CPU
		{6F6D282B-22DB-4800-91F8-D435E4235385}.Release|Any CPU.ActiveCfg = Release|Any CPU
		{6F6D282B-22DB-4800-91F8-D435E4235385}.Release|Any CPU.Build.0 = Release|Any CPU
	EndGlobalSection
	GlobalSection(NestedProjects) = preSolution
		{6F6D282B-22DB-4800-91F8-D435E4235385} = {EAAC5933-6A73-49EE-8656-881C0A76CC40}
	EndGlobalSection
EndGlobal
